
Microsoft Visual Studio Solution File, Format Version 12.00
# Visual Studio Version 16
VisualStudioVersion = 16.0.29709.97
MinimumVisualStudioVersion = 10.0.40219.1
Project("{FAE04EC0-301F-11D3-BF4B-00C04F79EFBC}") = "MobileServices", "MobileServices.csproj", "{23061EB6-AE9D-4EEC-8B0A-A15638E19214}"
EndProject
Global
	GlobalSection(SolutionConfigurationPlatforms) = preSolution
		Debug|Any CPU = Debug|Any CPU
		Release|Any CPU = Release|Any CPU
	EndGlobalSection
	GlobalSection(ProjectConfigurationPlatforms) = postSolution
		{23061EB6-AE9D-4EEC-8B0A-A15638E19214}.Debug|Any CPU.ActiveCfg = Debug|Any CPU
		{23061EB6-AE9D-4EEC-8B0A-A15638E19214}.Debug|Any CPU.Build.0 = Debug|Any CPU
		{23061EB6-AE9D-4EEC-8B0A-A15638E19214}.Release|Any CPU.ActiveCfg = Release|Any CPU
		{23061EB6-AE9D-4EEC-8B0A-A15638E19214}.Release|Any CPU.Build.0 = Release|Any CPU
	EndGlobalSection
	GlobalSection(SolutionProperties) = preSolution
		HideSolutionNode = FALSE
	EndGlobalSection
	GlobalSection(ExtensibilityGlobals) = postSolution
		SolutionGuid = {2E437225-5924-4399-A632-998DF18F1574}
	EndGlobalSection
EndGlobal
